// !$*UTF8*$!
{
	archiveVersion = 1;
	classes = {
	};
	objectVersion = 50;
	objects = {

/* Begin PBXBuildFile section */
		66CEC5D7B31AE22D19FDC3EA /* Pods_todoet.framework in Frameworks */ = {isa = PBXBuildFile; fileRef = 2D200A20B5E8609FD878A635 /* Pods_todoet.framework */; };
		68C698CE21659B07008638C7 /* CategoryViewController.swift in Sources */ = {isa = PBXBuildFile; fileRef = 68C698CD21659B07008638C7 /* CategoryViewController.swift */; };
		68C6F4A4215322F300139B66 /* DataModel.xcdatamodeld in Sources */ = {isa = PBXBuildFile; fileRef = 68C6F4A2215322F300139B66 /* DataModel.xcdatamodeld */; };
		68F39219214D3CE3002FC140 /* AppDelegate.swift in Sources */ = {isa = PBXBuildFile; fileRef = 68F39218214D3CE3002FC140 /* AppDelegate.swift */; };
		68F3921B214D3CE3002FC140 /* TodoListViewController.swift in Sources */ = {isa = PBXBuildFile; fileRef = 68F3921A214D3CE3002FC140 /* TodoListViewController.swift */; };
		68F3921E214D3CE3002FC140 /* Main.storyboard in Resources */ = {isa = PBXBuildFile; fileRef = 68F3921C214D3CE3002FC140 /* Main.storyboard */; };
		68F39220214D3CE3002FC140 /* Assets.xcassets in Resources */ = {isa = PBXBuildFile; fileRef = 68F3921F214D3CE3002FC140 /* Assets.xcassets */; };
		68F39223214D3CE3002FC140 /* LaunchScreen.storyboard in Resources */ = {isa = PBXBuildFile; fileRef = 68F39221214D3CE3002FC140 /* LaunchScreen.storyboard */; };
/* End PBXBuildFile section */

/* Begin PBXFileReference section */
		08CE8429ECD8970A3708893B /* Pods-todoet.release.xcconfig */ = {isa = PBXFileReference; includeInIndex = 1; lastKnownFileType = text.xcconfig; name = "Pods-todoet.release.xcconfig"; path = "Pods/Target Support Files/Pods-todoet/Pods-todoet.release.xcconfig"; sourceTree = "<group>"; };
		2D200A20B5E8609FD878A635 /* Pods_todoet.framework */ = {isa = PBXFileReference; explicitFileType = wrapper.framework; includeInIndex = 0; path = Pods_todoet.framework; sourceTree = BUILT_PRODUCTS_DIR; };
		68C698CD21659B07008638C7 /* CategoryViewController.swift */ = {isa = PBXFileReference; lastKnownFileType = sourcecode.swift; path = CategoryViewController.swift; sourceTree = "<group>"; };
		68C6F4A3215322F300139B66 /* DataModel.xcdatamodel */ = {isa = PBXFileReference; lastKnownFileType = wrapper.xcdatamodel; path = DataModel.xcdatamodel; sourceTree = "<group>"; };
		68F39215214D3CE3002FC140 /* todoet.app */ = {isa = PBXFileReference; explicitFileType = wrapper.application; includeInIndex = 0; path = todoet.app; sourceTree = BUILT_PRODUCTS_DIR; };
		68F39218214D3CE3002FC140 /* AppDelegate.swift */ = {isa = PBXFileReference; lastKnownFileType = sourcecode.swift; path = AppDelegate.swift; sourceTree = "<group>"; };
		68F3921A214D3CE3002FC140 /* TodoListViewController.swift */ = {isa = PBXFileReference; lastKnownFileType = sourcecode.swift; path = TodoListViewController.swift; sourceTree = "<group>"; };
		68F3921D214D3CE3002FC140 /* Base */ = {isa = PBXFileReference; lastKnownFileType = file.storyboard; name = Base; path = Base.lproj/Main.storyboard; sourceTree = "<group>"; };
		68F3921F214D3CE3002FC140 /* Assets.xcassets */ = {isa = PBXFileReference; lastKnownFileType = folder.assetcatalog; path = Assets.xcassets; sourceTree = "<group>"; };
		68F39222214D3CE3002FC140 /* Base */ = {isa = PBXFileReference; lastKnownFileType = file.storyboard; name = Base; path = Base.lproj/LaunchScreen.storyboard; sourceTree = "<group>"; };
		68F39224214D3CE3002FC140 /* Info.plist */ = {isa = PBXFileReference; lastKnownFileType = text.plist.xml; path = Info.plist; sourceTree = "<group>"; };
		EB935FDB7B997CA790E9CDAC /* Pods-todoet.debug.xcconfig */ = {isa = PBXFileReference; includeInIndex = 1; lastKnownFileType = text.xcconfig; name = "Pods-todoet.debug.xcconfig"; path = "Pods/Target Support Files/Pods-todoet/Pods-todoet.debug.xcconfig"; sourceTree = "<group>"; };
/* End PBXFileReference section */

/* Begin PBXFrameworksBuildPhase section */
		68F39212214D3CE3002FC140 /* Frameworks */ = {
			isa = PBXFrameworksBuildPhase;
			buildActionMask = 2147483647;
			files = (
				66CEC5D7B31AE22D19FDC3EA /* Pods_todoet.framework in Frameworks */,
			);
			runOnlyForDeploymentPostprocessing = 0;
		};
/* End PBXFrameworksBuildPhase section */

/* Begin PBXGroup section */
		1B218FF1AFE8B6A73C5D964A /* Pods */ = {
			isa = PBXGroup;
			children = (
				EB935FDB7B997CA790E9CDAC /* Pods-todoet.debug.xcconfig */,
				08CE8429ECD8970A3708893B /* Pods-todoet.release.xcconfig */,
			);
			name = Pods;
			sourceTree = "<group>";
		};
		544B1A85E0B401DDC7107DDB /* Frameworks */ = {
			isa = PBXGroup;
			children = (
				2D200A20B5E8609FD878A635 /* Pods_todoet.framework */,
			);
			name = Frameworks;
			sourceTree = "<group>";
		};
		6877032C214EC2E600EC9505 /* Data Model */ = {
			isa = PBXGroup;
			children = (
				68C6F4A2215322F300139B66 /* DataModel.xcdatamodeld */,
			);
			path = "Data Model";
			sourceTree = "<group>";
		};
		68C6F4A52153233700139B66 /* Views */ = {
			isa = PBXGroup;
			children = (
				68F3921C214D3CE3002FC140 /* Main.storyboard */,
			);
			path = Views;
			sourceTree = "<group>";
		};
		68C6F4A62153235300139B66 /* Controllers */ = {
			isa = PBXGroup;
			children = (
				68C698CD21659B07008638C7 /* CategoryViewController.swift */,
				68F3921A214D3CE3002FC140 /* TodoListViewController.swift */,
			);
			path = Controllers;
			sourceTree = "<group>";
		};
		68C6F4A72153239300139B66 /* Supporting Files */ = {
			isa = PBXGroup;
			children = (
				68F3921F214D3CE3002FC140 /* Assets.xcassets */,
				68F39221214D3CE3002FC140 /* LaunchScreen.storyboard */,
			);
			path = "Supporting Files";
			sourceTree = "<group>";
		};
		68F3920C214D3CE3002FC140 = {
			isa = PBXGroup;
			children = (
				68F39217214D3CE3002FC140 /* todoet */,
				68F39216214D3CE3002FC140 /* Products */,
				1B218FF1AFE8B6A73C5D964A /* Pods */,
				544B1A85E0B401DDC7107DDB /* Frameworks */,
			);
			sourceTree = "<group>";
		};
		68F39216214D3CE3002FC140 /* Products */ = {
			isa = PBXGroup;
			children = (
				68F39215214D3CE3002FC140 /* todoet.app */,
			);
			name = Products;
			sourceTree = "<group>";
		};
		68F39217214D3CE3002FC140 /* todoet */ = {
			isa = PBXGroup;
			children = (
				68F39218214D3CE3002FC140 /* AppDelegate.swift */,
				68C6F4A62153235300139B66 /* Controllers */,
				6877032C214EC2E600EC9505 /* Data Model */,
				68C6F4A52153233700139B66 /* Views */,
				68C6F4A72153239300139B66 /* Supporting Files */,
				68F39224214D3CE3002FC140 /* Info.plist */,
			);
			path = todoet;
			sourceTree = "<group>";
		};
/* End PBXGroup section */

/* Begin PBXNativeTarget section */
		68F39214214D3CE3002FC140 /* todoet */ = {
			isa = PBXNativeTarget;
			buildConfigurationList = 68F39227214D3CE3002FC140 /* Build configuration list for PBXNativeTarget "todoet" */;
			buildPhases = (
				E011A115D59D83CC060C3D7B /* [CP] Check Pods Manifest.lock */,
				68F39211214D3CE3002FC140 /* Sources */,
				68F39212214D3CE3002FC140 /* Frameworks */,
				68F39213214D3CE3002FC140 /* Resources */,
				BB0BA6F1E58968A1327656D3 /* [CP] Embed Pods Frameworks */,
			);
			buildRules = (
			);
			dependencies = (
			);
			name = todoet;
			productName = todoet;
			productReference = 68F39215214D3CE3002FC140 /* todoet.app */;
			productType = "com.apple.product-type.application";
		};
/* End PBXNativeTarget section */

/* Begin PBXProject section */
		68F3920D214D3CE3002FC140 /* Project object */ = {
			isa = PBXProject;
			attributes = {
				LastSwiftUpdateCheck = 1000;
				LastUpgradeCheck = 1000;
				ORGANIZATIONNAME = "Just the Differences";
				TargetAttributes = {
					68F39214214D3CE3002FC140 = {
						CreatedOnToolsVersion = 10.0;
					};
				};
			};
			buildConfigurationList = 68F39210214D3CE3002FC140 /* Build configuration list for PBXProject "todoet" */;
			compatibilityVersion = "Xcode 9.3";
			developmentRegion = en;
			hasScannedForEncodings = 0;
			knownRegions = (
				en,
				Base,
			);
			mainGroup = 68F3920C214D3CE3002FC140;
			productRefGroup = 68F39216214D3CE3002FC140 /* Products */;
			projectDirPath = "";
			projectRoot = "";
			targets = (
				68F39214214D3CE3002FC140 /* todoet */,
			);
		};
/* End PBXProject section */

/* Begin PBXResourcesBuildPhase section */
		68F39213214D3CE3002FC140 /* Resources */ = {
			isa = PBXResourcesBuildPhase;
			buildActionMask = 2147483647;
			files = (
				68F39223214D3CE3002FC140 /* LaunchScreen.storyboard in Resources */,
				68F39220214D3CE3002FC140 /* Assets.xcassets in Resources */,
				68F3921E214D3CE3002FC140 /* Main.storyboard in Resources */,
			);
			runOnlyForDeploymentPostprocessing = 0;
		};
/* End PBXResourcesBuildPhase section */

/* Begin PBXShellScriptBuildPhase section */
		BB0BA6F1E58968A1327656D3 /* [CP] Embed Pods Frameworks */ = {
			isa = PBXShellScriptBuildPhase;
			buildActionMask = 2147483647;
			files = (
			);
			inputFileListPaths = (
			);
			inputPaths = (
				"${SRCROOT}/Pods/Target Support Files/Pods-todoet/Pods-todoet-frameworks.sh",
				"${BUILT_PRODUCTS_DIR}/Realm/Realm.framework",
				"${BUILT_PRODUCTS_DIR}/RealmSwift/RealmSwift.framework",
			);
			name = "[CP] Embed Pods Frameworks";
			outputFileListPaths = (
			);
			outputPaths = (
				"${TARGET_BUILD_DIR}/${FRAMEWORKS_FOLDER_PATH}/Realm.framework",
				"${TARGET_BUILD_DIR}/${FRAMEWORKS_FOLDER_PATH}/RealmSwift.framework",
			);
			runOnlyForDeploymentPostprocessing = 0;
			shellPath = /bin/sh;
			shellScript = "\"${SRCROOT}/Pods/Target Support Files/Pods-todoet/Pods-todoet-frameworks.sh\"\n";
			showEnvVarsInLog = 0;
		};
		E011A115D59D83CC060C3D7B /* [CP] Check Pods Manifest.lock */ = {
			isa = PBXShellScriptBuildPhase;
			buildActionMask = 2147483647;
			files = (
			);
			inputFileListPaths = (
			);
			inputPaths = (
				"${PODS_PODFILE_DIR_PATH}/Podfile.lock",
				"${PODS_ROOT}/Manifest.lock",
			);
			name = "[CP] Check Pods Manifest.lock";
			outputFileListPaths = (
			);
			outputPaths = (
				"$(DERIVED_FILE_DIR)/Pods-todoet-checkManifestLockResult.txt",
			);
			runOnlyForDeploymentPostprocessing = 0;
			shellPath = /bin/sh;
			shellScript = "diff \"${PODS_PODFILE_DIR_PATH}/Podfile.lock\" \"${PODS_ROOT}/Manifest.lock\" > /dev/null\nif [ $? != 0 ] ; then\n    # print error to STDERR\n    echo \"error: The sandbox is not in sync with the Podfile.lock. Run 'pod install' or update your CocoaPods installation.\" >&2\n    exit 1\nfi\n# This output is used by Xcode 'outputs' to avoid re-running this script phase.\necho \"SUCCESS\" > \"${SCRIPT_OUTPUT_FILE_0}\"\n";
			showEnvVarsInLog = 0;
		};
/* End PBXShellScriptBuildPhase section */

/* Begin PBXSourcesBuildPhase section */
		68F39211214D3CE3002FC140 /* Sources */ = {
			isa = PBXSourcesBuildPhase;
			buildActionMask = 2147483647;
			files = (
				68C698CE21659B07008638C7 /* CategoryViewController.swift in Sources */,
				68F3921B214D3CE3002FC140 /* TodoListViewController.swift in Sources */,
				68C6F4A4215322F300139B66 /* DataModel.xcdatamodeld in Sources */,
				68F39219214D3CE3002FC140 /* AppDelegate.swift in Sources */,
			);
			runOnlyForDeploymentPostprocessing = 0;
		};
/* End PBXSourcesBuildPhase section */

/* Begin PBXVariantGroup section */
		68F3921C214D3CE3002FC140 /* Main.storyboard */ = {
			isa = PBXVariantGroup;
			children = (
				68F3921D214D3CE3002FC140 /* Base */,
			);
			name = Main.storyboard;
			sourceTree = "<group>";
		};
		68F39221214D3CE3002FC140 /* LaunchScreen.storyboard */ = {
			isa = PBXVariantGroup;
			children = (
				68F39222214D3CE3002FC140 /* Base */,
			);
			name = LaunchScreen.storyboard;
			sourceTree = "<group>";
		};
/* End PBXVariantGroup section */

/* Begin XCBuildConfiguration section */
		68F39225214D3CE3002FC140 /* Debug */ = {
			isa = XCBuildConfiguration;
			buildSettings = {
				ALWAYS_SEARCH_USER_PATHS = NO;
				CLANG_ANALYZER_NONNULL = YES;
				CLANG_ANALYZER_NUMBER_OBJECT_CONVERSION = YES_AGGRESSIVE;
				CLANG_CXX_LANGUAGE_STANDARD = "gnu++14";
				CLANG_CXX_LIBRARY = "libc++";
				CLANG_ENABLE_MODULES = YES;
				CLANG_ENABLE_OBJC_ARC = YES;
				CLANG_ENABLE_OBJC_WEAK = YES;
				CLANG_WARN_BLOCK_CAPTURE_AUTORELEASING = YES;
				CLANG_WARN_BOOL_CONVERSION = YES;
				CLANG_WARN_COMMA = YES;
				CLANG_WARN_CONSTANT_CONVERSION = YES;
				CLANG_WARN_DEPRECATED_OBJC_IMPLEMENTATIONS = YES;
				CLANG_WARN_DIRECT_OBJC_ISA_USAGE = YES_ERROR;
				CLANG_WARN_DOCUMENTATION_COMMENTS = YES;
				CLANG_WARN_EMPTY_BODY = YES;
				CLANG_WARN_ENUM_CONVERSION = YES;
				CLANG_WARN_INFINITE_RECURSION = YES;
				CLANG_WARN_INT_CONVERSION = YES;
				CLANG_WARN_NON_LITERAL_NULL_CONVERSION = YES;
				CLANG_WARN_OBJC_IMPLICIT_RETAIN_SELF = YES;
				CLANG_WARN_OBJC_LITERAL_CONVERSION = YES;
				CLANG_WARN_OBJC_ROOT_CLASS = YES_ERROR;
				CLANG_WARN_RANGE_LOOP_ANALYSIS = YES;
				CLANG_WARN_STRICT_PROTOTYPES = YES;
				CLANG_WARN_SUSPICIOUS_MOVE = YES;
				CLANG_WARN_UNGUARDED_AVAILABILITY = YES_AGGRESSIVE;
				CLANG_WARN_UNREACHABLE_CODE = YES;
				CLANG_WARN__DUPLICATE_METHOD_MATCH = YES;
				CODE_SIGN_IDENTITY = "iPhone Developer";
				COPY_PHASE_STRIP = NO;
				DEBUG_INFORMATION_FORMAT = dwarf;
				ENABLE_STRICT_OBJC_MSGSEND = YES;
				ENABLE_TESTABILITY = YES;
				GCC_C_LANGUAGE_STANDARD = gnu11;
				GCC_DYNAMIC_NO_PIC = NO;
				GCC_NO_COMMON_BLOCKS = YES;
				GCC_OPTIMIZATION_LEVEL = 0;
				GCC_PREPROCESSOR_DEFINITIONS = (
					"DEBUG=1",
					"$(inherited)",
				);
				GCC_WARN_64_TO_32_BIT_CONVERSION = YES;
				GCC_WARN_ABOUT_RETURN_TYPE = YES_ERROR;
				GCC_WARN_UNDECLARED_SELECTOR = YES;
				GCC_WARN_UNINITIALIZED_AUTOS = YES_AGGRESSIVE;
				GCC_WARN_UNUSED_FUNCTION = YES;
				GCC_WARN_UNUSED_VARIABLE = YES;
				IPHONEOS_DEPLOYMENT_TARGET = 12.0;
				MTL_ENABLE_DEBUG_INFO = INCLUDE_SOURCE;
				MTL_FAST_MATH = YES;
				ONLY_ACTIVE_ARCH = YES;
				SDKROOT = iphoneos;
				SWIFT_ACTIVE_COMPILATION_CONDITIONS = DEBUG;
				SWIFT_OPTIMIZATION_LEVEL = "-Onone";
			};
			name = Debug;
		};
		68F39226214D3CE3002FC140 /* Release */ = {
			isa = XCBuildConfiguration;
			buildSettings = {
				ALWAYS_SEARCH_USER_PATHS = NO;
				CLANG_ANALYZER_NONNULL = YES;
				CLANG_ANALYZER_NUMBER_OBJECT_CONVERSION = YES_AGGRESSIVE;
				CLANG_CXX_LANGUAGE_STANDARD = "gnu++14";
				CLANG_CXX_LIBRARY = "libc++";
				CLANG_ENABLE_MODULES = YES;
				CLANG_ENABLE_OBJC_ARC = YES;
				CLANG_ENABLE_OBJC_WEAK = YES;
				CLANG_WARN_BLOCK_CAPTURE_AUTORELEASING = YES;
				CLANG_WARN_BOOL_CONVERSION = YES;
				CLANG_WARN_COMMA = YES;
				CLANG_WARN_CONSTANT_CONVERSION = YES;
				CLANG_WARN_DEPRECATED_OBJC_IMPLEMENTATIONS = YES;
				CLANG_WARN_DIRECT_OBJC_ISA_USAGE = YES_ERROR;
				CLANG_WARN_DOCUMENTATION_COMMENTS = YES;
				CLANG_WARN_EMPTY_BODY = YES;
				CLANG_WARN_ENUM_CONVERSION = YES;
				CLANG_WARN_INFINITE_RECURSION = YES;
				CLANG_WARN_INT_CONVERSION = YES;
				CLANG_WARN_NON_LITERAL_NULL_CONVERSION = YES;
				CLANG_WARN_OBJC_IMPLICIT_RETAIN_SELF = YES;
				CLANG_WARN_OBJC_LITERAL_CONVERSION = YES;
				CLANG_WARN_OBJC_ROOT_CLASS = YES_ERROR;
				CLANG_WARN_RANGE_LOOP_ANALYSIS = YES;
				CLANG_WARN_STRICT_PROTOTYPES = YES;
				CLANG_WARN_SUSPICIOUS_MOVE = YES;
				CLANG_WARN_UNGUARDED_AVAILABILITY = YES_AGGRESSIVE;
				CLANG_WARN_UNREACHABLE_CODE = YES;
				CLANG_WARN__DUPLICATE_METHOD_MATCH = YES;
				CODE_SIGN_IDENTITY = "iPhone Developer";
				COPY_PHASE_STRIP = NO;
				DEBUG_INFORMATION_FORMAT = "dwarf-with-dsym";
				ENABLE_NS_ASSERTIONS = NO;
				ENABLE_STRICT_OBJC_MSGSEND = YES;
				GCC_C_LANGUAGE_STANDARD = gnu11;
				GCC_NO_COMMON_BLOCKS = YES;
				GCC_WARN_64_TO_32_BIT_CONVERSION = YES;
				GCC_WARN_ABOUT_RETURN_TYPE = YES_ERROR;
				GCC_WARN_UNDECLARED_SELECTOR = YES;
				GCC_WARN_UNINITIALIZED_AUTOS = YES_AGGRESSIVE;
				GCC_WARN_UNUSED_FUNCTION = YES;
				GCC_WARN_UNUSED_VARIABLE = YES;
				IPHONEOS_DEPLOYMENT_TARGET = 12.0;
				MTL_ENABLE_DEBUG_INFO = NO;
				MTL_FAST_MATH = YES;
				SDKROOT = iphoneos;
				SWIFT_COMPILATION_MODE = wholemodule;
				SWIFT_OPTIMIZATION_LEVEL = "-O";
				VALIDATE_PRODUCT = YES;
			};
			name = Release;
		};
		68F39228214D3CE3002FC140 /* Debug */ = {
			isa = XCBuildConfiguration;
			baseConfigurationReference = EB935FDB7B997CA790E9CDAC /* Pods-todoet.debug.xcconfig */;
			buildSettings = {
				ASSETCATALOG_COMPILER_APPICON_NAME = AppIcon;
				CODE_SIGN_STYLE = Automatic;
				DEVELOPMENT_TEAM = DMGBUPMY8T;
				INFOPLIST_FILE = todoet/Info.plist;
				IPHONEOS_DEPLOYMENT_TARGET = 10.0;
				LD_RUNPATH_SEARCH_PATHS = (
					"$(inherited)",
					"@executable_path/Frameworks",
				);
				PRODUCT_BUNDLE_IDENTIFIER = com.JustTheDifferences.todoey;
				PRODUCT_NAME = "$(TARGET_NAME)";
				SWIFT_VERSION = 4.2;
				TARGETED_DEVICE_FAMILY = "1,2";
			};
			name = Debug;
		};
		68F39229214D3CE3002FC140 /* Release */ = {
			isa = XCBuildConfiguration;
			baseConfigurationReference = 08CE8429ECD8970A3708893B /* Pods-todoet.release.xcconfig */;
			buildSettings = {
				ASSETCATALOG_COMPILER_APPICON_NAME = AppIcon;
				CODE_SIGN_STYLE = Automatic;
				DEVELOPMENT_TEAM = DMGBUPMY8T;
				INFOPLIST_FILE = todoet/Info.plist;
				IPHONEOS_DEPLOYMENT_TARGET = 10.0;
				LD_RUNPATH_SEARCH_PATHS = (
					"$(inherited)",
					"@executable_path/Frameworks",
				);
				PRODUCT_BUNDLE_IDENTIFIER = com.JustTheDifferences.todoey;
				PRODUCT_NAME = "$(TARGET_NAME)";
				SWIFT_VERSION = 4.2;
				TARGETED_DEVICE_FAMILY = "1,2";
			};
			name = Release;
		};
/* End XCBuildConfiguration section */

/* Begin XCConfigurationList section */
		68F39210214D3CE3002FC140 /* Build configuration list for PBXProject "todoet" */ = {
			isa = XCConfigurationList;
			buildConfigurations = (
				68F39225214D3CE3002FC140 /* Debug */,
				68F39226214D3CE3002FC140 /* Release */,
			);
			defaultConfigurationIsVisible = 0;
			defaultConfigurationName = Release;
		};
		68F39227214D3CE3002FC140 /* Build configuration list for PBXNativeTarget "todoet" */ = {
			isa = XCConfigurationList;
			buildConfigurations = (
				68F39228214D3CE3002FC140 /* Debug */,
				68F39229214D3CE3002FC140 /* Release */,
			);
			defaultConfigurationIsVisible = 0;
			defaultConfigurationName = Release;
		};
/* End XCConfigurationList section */

/* Begin XCVersionGroup section */
		68C6F4A2215322F300139B66 /* DataModel.xcdatamodeld */ = {
			isa = XCVersionGroup;
			children = (
				68C6F4A3215322F300139B66 /* DataModel.xcdatamodel */,
			);
			currentVersion = 68C6F4A3215322F300139B66 /* DataModel.xcdatamodel */;
			path = DataModel.xcdatamodeld;
			sourceTree = "<group>";
			versionGroupType = wrapper.xcdatamodel;
		};
/* End XCVersionGroup section */
	};
	rootObject = 68F3920D214D3CE3002FC140 /* Project object */;
}
